// !$*UTF8*$!
{
	archiveVersion = 1;
	classes = {
	};
	objectVersion = 50;
	objects = {

/* Begin PBXBuildFile section */
		3F54B46D39D7584934F196E2 /* Pods_KDWeddingGift.framework in Frameworks */ = {isa = PBXBuildFile; fileRef = 3CAFB2F38D38228CE6BB8EF8 /* Pods_KDWeddingGift.framework */; };
		A2039BB3220D67D400C67AAD /* WeddingGiftFormVC.swift in Sources */ = {isa = PBXBuildFile; fileRef = A2039BB2220D67D400C67AAD /* WeddingGiftFormVC.swift */; };
		A2039BB5220D67DD00C67AAD /* WeddingGiftFormVC.storyboard in Resources */ = {isa = PBXBuildFile; fileRef = A2039BB4220D67DD00C67AAD /* WeddingGiftFormVC.storyboard */; };
		A2039BB7220D6CFA00C67AAD /* CloseButton.swift in Sources */ = {isa = PBXBuildFile; fileRef = A2039BB6220D6CFA00C67AAD /* CloseButton.swift */; };
		A276E584220D1EE80023739E /* MiddleCurveTabBar.swift in Sources */ = {isa = PBXBuildFile; fileRef = A276E583220D1EE80023739E /* MiddleCurveTabBar.swift */; };
		A276E586220D2FD90023739E /* QRScannerButton.swift in Sources */ = {isa = PBXBuildFile; fileRef = A276E585220D2FD90023739E /* QRScannerButton.swift */; };
		A2BF1A80220D49920042F77F /* AVQRCodeReader.swift in Sources */ = {isa = PBXBuildFile; fileRef = A2BF1A7F220D49920042F77F /* AVQRCodeReader.swift */; };
		A2BF1A82220D59890042F77F /* DesignableButton.swift in Sources */ = {isa = PBXBuildFile; fileRef = A2BF1A81220D59890042F77F /* DesignableButton.swift */; };
		A2E7F716220C772F00D047BE /* AppDelegate.swift in Sources */ = {isa = PBXBuildFile; fileRef = A2E7F715220C772F00D047BE /* AppDelegate.swift */; };
		A2E7F718220C772F00D047BE /* MainTabBar.swift in Sources */ = {isa = PBXBuildFile; fileRef = A2E7F717220C772F00D047BE /* MainTabBar.swift */; };
		A2E7F71B220C772F00D047BE /* MainTabBar.storyboard in Resources */ = {isa = PBXBuildFile; fileRef = A2E7F719220C772F00D047BE /* MainTabBar.storyboard */; };
		A2E7F71D220C773000D047BE /* Assets.xcassets in Resources */ = {isa = PBXBuildFile; fileRef = A2E7F71C220C773000D047BE /* Assets.xcassets */; };
		A2E7F720220C773000D047BE /* LaunchScreen.storyboard in Resources */ = {isa = PBXBuildFile; fileRef = A2E7F71E220C773000D047BE /* LaunchScreen.storyboard */; };
		A2E7F73E220C784E00D047BE /* UITextFieldX.swift in Sources */ = {isa = PBXBuildFile; fileRef = A2E7F72B220C784E00D047BE /* UITextFieldX.swift */; };
		A2E7F73F220C784E00D047BE /* UITableViewX.swift in Sources */ = {isa = PBXBuildFile; fileRef = A2E7F72D220C784E00D047BE /* UITableViewX.swift */; };
		A2E7F740220C784E00D047BE /* UIScrollViewX.swift in Sources */ = {isa = PBXBuildFile; fileRef = A2E7F72E220C784E00D047BE /* UIScrollViewX.swift */; };
		A2E7F741220C784E00D047BE /* UIButtonX.swift in Sources */ = {isa = PBXBuildFile; fileRef = A2E7F72F220C784E00D047BE /* UIButtonX.swift */; };
		A2E7F742220C784E00D047BE /* UILabelX.swift in Sources */ = {isa = PBXBuildFile; fileRef = A2E7F730220C784E00D047BE /* UILabelX.swift */; };
		A2E7F743220C784E00D047BE /* UIViewControllerX.swift in Sources */ = {isa = PBXBuildFile; fileRef = A2E7F731220C784E00D047BE /* UIViewControllerX.swift */; };
		A2E7F744220C784E00D047BE /* StringX.swift in Sources */ = {isa = PBXBuildFile; fileRef = A2E7F732220C784E00D047BE /* StringX.swift */; };
		A2E7F745220C784E00D047BE /* UIViewX.swift in Sources */ = {isa = PBXBuildFile; fileRef = A2E7F733220C784E00D047BE /* UIViewX.swift */; };
		A2E7F746220C784E00D047BE /* UIAlertControllerX.swift in Sources */ = {isa = PBXBuildFile; fileRef = A2E7F734220C784E00D047BE /* UIAlertControllerX.swift */; };
		A2E7F747220C784E00D047BE /* KeyboardService.swift in Sources */ = {isa = PBXBuildFile; fileRef = A2E7F736220C784E00D047BE /* KeyboardService.swift */; };
		A2E7F749220C784E00D047BE /* Log.swift in Sources */ = {isa = PBXBuildFile; fileRef = A2E7F738220C784E00D047BE /* Log.swift */; };
		A2E7F74A220C784E00D047BE /* EmojiString.swift in Sources */ = {isa = PBXBuildFile; fileRef = A2E7F739220C784E00D047BE /* EmojiString.swift */; };
		A2E7F74B220C784E00D047BE /* VolumeService.swift in Sources */ = {isa = PBXBuildFile; fileRef = A2E7F73A220C784E00D047BE /* VolumeService.swift */; };
		A2E7F74C220C784E00D047BE /* WeakObj.swift in Sources */ = {isa = PBXBuildFile; fileRef = A2E7F73B220C784E00D047BE /* WeakObj.swift */; };
		A2E7F74D220C784E00D047BE /* Queue.swift in Sources */ = {isa = PBXBuildFile; fileRef = A2E7F73C220C784E00D047BE /* Queue.swift */; };
		A2E7F74E220C784E00D047BE /* Helper.swift in Sources */ = {isa = PBXBuildFile; fileRef = A2E7F73D220C784E00D047BE /* Helper.swift */; };
		A2E7F752220C93E000D047BE /* WeddingGiftVC.swift in Sources */ = {isa = PBXBuildFile; fileRef = A2E7F751220C93E000D047BE /* WeddingGiftVC.swift */; };
		A2E7F754220C93EB00D047BE /* WeddingGiftVC.storyboard in Resources */ = {isa = PBXBuildFile; fileRef = A2E7F753220C93EB00D047BE /* WeddingGiftVC.storyboard */; };
		A2E7F757220C97FD00D047BE /* QRScannerVC.swift in Sources */ = {isa = PBXBuildFile; fileRef = A2E7F756220C97FD00D047BE /* QRScannerVC.swift */; };
		A2E7F759220C981500D047BE /* QRScannerVC.storyboard in Resources */ = {isa = PBXBuildFile; fileRef = A2E7F758220C981500D047BE /* QRScannerVC.storyboard */; };
		A2E7F761220C9CEA00D047BE /* ReportVC.swift in Sources */ = {isa = PBXBuildFile; fileRef = A2E7F760220C9CEA00D047BE /* ReportVC.swift */; };
		A2E7F763220C9CFC00D047BE /* ReportVC.storyboard in Resources */ = {isa = PBXBuildFile; fileRef = A2E7F762220C9CFC00D047BE /* ReportVC.storyboard */; };
/* End PBXBuildFile section */

/* Begin PBXFileReference section */
		3CAFB2F38D38228CE6BB8EF8 /* Pods_KDWeddingGift.framework */ = {isa = PBXFileReference; explicitFileType = wrapper.framework; includeInIndex = 0; path = Pods_KDWeddingGift.framework; sourceTree = BUILT_PRODUCTS_DIR; };
		7486E78C209B1594D202936F /* Pods-KDWeddingGift.debug.xcconfig */ = {isa = PBXFileReference; includeInIndex = 1; lastKnownFileType = text.xcconfig; name = "Pods-KDWeddingGift.debug.xcconfig"; path = "Pods/Target Support Files/Pods-KDWeddingGift/Pods-KDWeddingGift.debug.xcconfig"; sourceTree = "<group>"; };
		779A05C79DC66EFEDADE22D3 /* Pods-KDWeddingGift.release.xcconfig */ = {isa = PBXFileReference; includeInIndex = 1; lastKnownFileType = text.xcconfig; name = "Pods-KDWeddingGift.release.xcconfig"; path = "Pods/Target Support Files/Pods-KDWeddingGift/Pods-KDWeddingGift.release.xcconfig"; sourceTree = "<group>"; };
		A2039BB2220D67D400C67AAD /* WeddingGiftFormVC.swift */ = {isa = PBXFileReference; lastKnownFileType = sourcecode.swift; path = WeddingGiftFormVC.swift; sourceTree = "<group>"; };
		A2039BB4220D67DD00C67AAD /* WeddingGiftFormVC.storyboard */ = {isa = PBXFileReference; lastKnownFileType = file.storyboard; path = WeddingGiftFormVC.storyboard; sourceTree = "<group>"; };
		A2039BB6220D6CFA00C67AAD /* CloseButton.swift */ = {isa = PBXFileReference; lastKnownFileType = sourcecode.swift; path = CloseButton.swift; sourceTree = "<group>"; };
		A276E583220D1EE80023739E /* MiddleCurveTabBar.swift */ = {isa = PBXFileReference; lastKnownFileType = sourcecode.swift; path = MiddleCurveTabBar.swift; sourceTree = "<group>"; };
		A276E585220D2FD90023739E /* QRScannerButton.swift */ = {isa = PBXFileReference; lastKnownFileType = sourcecode.swift; path = QRScannerButton.swift; sourceTree = "<group>"; };
		A2BF1A7F220D49920042F77F /* AVQRCodeReader.swift */ = {isa = PBXFileReference; lastKnownFileType = sourcecode.swift; path = AVQRCodeReader.swift; sourceTree = "<group>"; };
		A2BF1A81220D59890042F77F /* DesignableButton.swift */ = {isa = PBXFileReference; lastKnownFileType = sourcecode.swift; path = DesignableButton.swift; sourceTree = "<group>"; };
		A2E7F712220C772F00D047BE /* KDWeddingGift.app */ = {isa = PBXFileReference; explicitFileType = wrapper.application; includeInIndex = 0; path = KDWeddingGift.app; sourceTree = BUILT_PRODUCTS_DIR; };
		A2E7F715220C772F00D047BE /* AppDelegate.swift */ = {isa = PBXFileReference; lastKnownFileType = sourcecode.swift; path = AppDelegate.swift; sourceTree = "<group>"; };
		A2E7F717220C772F00D047BE /* MainTabBar.swift */ = {isa = PBXFileReference; lastKnownFileType = sourcecode.swift; path = MainTabBar.swift; sourceTree = "<group>"; };
		A2E7F71A220C772F00D047BE /* Base */ = {isa = PBXFileReference; lastKnownFileType = file.storyboard; name = Base; path = Base.lproj/MainTabBar.storyboard; sourceTree = "<group>"; };
		A2E7F71C220C773000D047BE /* Assets.xcassets */ = {isa = PBXFileReference; lastKnownFileType = folder.assetcatalog; path = Assets.xcassets; sourceTree = "<group>"; };
		A2E7F71F220C773000D047BE /* Base */ = {isa = PBXFileReference; lastKnownFileType = file.storyboard; name = Base; path = Base.lproj/LaunchScreen.storyboard; sourceTree = "<group>"; };
		A2E7F721220C773000D047BE /* Info.plist */ = {isa = PBXFileReference; lastKnownFileType = text.plist.xml; path = Info.plist; sourceTree = "<group>"; };
		A2E7F72B220C784E00D047BE /* UITextFieldX.swift */ = {isa = PBXFileReference; fileEncoding = 4; lastKnownFileType = sourcecode.swift; path = UITextFieldX.swift; sourceTree = "<group>"; };
		A2E7F72D220C784E00D047BE /* UITableViewX.swift */ = {isa = PBXFileReference; fileEncoding = 4; lastKnownFileType = sourcecode.swift; path = UITableViewX.swift; sourceTree = "<group>"; };
		A2E7F72E220C784E00D047BE /* UIScrollViewX.swift */ = {isa = PBXFileReference; fileEncoding = 4; lastKnownFileType = sourcecode.swift; path = UIScrollViewX.swift; sourceTree = "<group>"; };
		A2E7F72F220C784E00D047BE /* UIButtonX.swift */ = {isa = PBXFileReference; fileEncoding = 4; lastKnownFileType = sourcecode.swift; path = UIButtonX.swift; sourceTree = "<group>"; };
		A2E7F730220C784E00D047BE /* UILabelX.swift */ = {isa = PBXFileReference; fileEncoding = 4; lastKnownFileType = sourcecode.swift; path = UILabelX.swift; sourceTree = "<group>"; };
		A2E7F731220C784E00D047BE /* UIViewControllerX.swift */ = {isa = PBXFileReference; fileEncoding = 4; lastKnownFileType = sourcecode.swift; path = UIViewControllerX.swift; sourceTree = "<group>"; };
		A2E7F732220C784E00D047BE /* StringX.swift */ = {isa = PBXFileReference; fileEncoding = 4; lastKnownFileType = sourcecode.swift; path = StringX.swift; sourceTree = "<group>"; };
		A2E7F733220C784E00D047BE /* UIViewX.swift */ = {isa = PBXFileReference; fileEncoding = 4; lastKnownFileType = sourcecode.swift; path = UIViewX.swift; sourceTree = "<group>"; };
		A2E7F734220C784E00D047BE /* UIAlertControllerX.swift */ = {isa = PBXFileReference; fileEncoding = 4; lastKnownFileType = sourcecode.swift; path = UIAlertControllerX.swift; sourceTree = "<group>"; };
		A2E7F736220C784E00D047BE /* KeyboardService.swift */ = {isa = PBXFileReference; fileEncoding = 4; lastKnownFileType = sourcecode.swift; path = KeyboardService.swift; sourceTree = "<group>"; };
		A2E7F738220C784E00D047BE /* Log.swift */ = {isa = PBXFileReference; fileEncoding = 4; lastKnownFileType = sourcecode.swift; path = Log.swift; sourceTree = "<group>"; };
		A2E7F739220C784E00D047BE /* EmojiString.swift */ = {isa = PBXFileReference; fileEncoding = 4; lastKnownFileType = sourcecode.swift; path = EmojiString.swift; sourceTree = "<group>"; };
		A2E7F73A220C784E00D047BE /* VolumeService.swift */ = {isa = PBXFileReference; fileEncoding = 4; lastKnownFileType = sourcecode.swift; path = VolumeService.swift; sourceTree = "<group>"; };
		A2E7F73B220C784E00D047BE /* WeakObj.swift */ = {isa = PBXFileReference; fileEncoding = 4; lastKnownFileType = sourcecode.swift; path = WeakObj.swift; sourceTree = "<group>"; };
		A2E7F73C220C784E00D047BE /* Queue.swift */ = {isa = PBXFileReference; fileEncoding = 4; lastKnownFileType = sourcecode.swift; path = Queue.swift; sourceTree = "<group>"; };
		A2E7F73D220C784E00D047BE /* Helper.swift */ = {isa = PBXFileReference; fileEncoding = 4; lastKnownFileType = sourcecode.swift; path = Helper.swift; sourceTree = "<group>"; };
		A2E7F751220C93E000D047BE /* WeddingGiftVC.swift */ = {isa = PBXFileReference; lastKnownFileType = sourcecode.swift; path = WeddingGiftVC.swift; sourceTree = "<group>"; };
		A2E7F753220C93EB00D047BE /* WeddingGiftVC.storyboard */ = {isa = PBXFileReference; lastKnownFileType = file.storyboard; path = WeddingGiftVC.storyboard; sourceTree = "<group>"; };
		A2E7F756220C97FD00D047BE /* QRScannerVC.swift */ = {isa = PBXFileReference; lastKnownFileType = sourcecode.swift; path = QRScannerVC.swift; sourceTree = "<group>"; };
		A2E7F758220C981500D047BE /* QRScannerVC.storyboard */ = {isa = PBXFileReference; lastKnownFileType = file.storyboard; path = QRScannerVC.storyboard; sourceTree = "<group>"; };
		A2E7F760220C9CEA00D047BE /* ReportVC.swift */ = {isa = PBXFileReference; lastKnownFileType = sourcecode.swift; path = ReportVC.swift; sourceTree = "<group>"; };
		A2E7F762220C9CFC00D047BE /* ReportVC.storyboard */ = {isa = PBXFileReference; lastKnownFileType = file.storyboard; path = ReportVC.storyboard; sourceTree = "<group>"; };
/* End PBXFileReference section */

/* Begin PBXFrameworksBuildPhase section */
		A2E7F70F220C772F00D047BE /* Frameworks */ = {
			isa = PBXFrameworksBuildPhase;
			buildActionMask = 2147483647;
			files = (
				3F54B46D39D7584934F196E2 /* Pods_KDWeddingGift.framework in Frameworks */,
			);
			runOnlyForDeploymentPostprocessing = 0;
		};
/* End PBXFrameworksBuildPhase section */

/* Begin PBXGroup section */
		453AF3E9DEE2482CF6D4321A /* Pods */ = {
			isa = PBXGroup;
			children = (
				7486E78C209B1594D202936F /* Pods-KDWeddingGift.debug.xcconfig */,
				779A05C79DC66EFEDADE22D3 /* Pods-KDWeddingGift.release.xcconfig */,
			);
			name = Pods;
			sourceTree = "<group>";
		};
		A2039BB1220D679900C67AAD /* WeddingGiftForm */ = {
			isa = PBXGroup;
			children = (
				A2039BB2220D67D400C67AAD /* WeddingGiftFormVC.swift */,
				A2039BB4220D67DD00C67AAD /* WeddingGiftFormVC.storyboard */,
			);
			path = WeddingGiftForm;
			sourceTree = "<group>";
		};
		A276E582220D1EB30023739E /* Components */ = {
			isa = PBXGroup;
			children = (
				A276E583220D1EE80023739E /* MiddleCurveTabBar.swift */,
			);
			path = Components;
			sourceTree = "<group>";
		};
		A276E587220D31ED0023739E /* Components */ = {
			isa = PBXGroup;
			children = (
				A276E585220D2FD90023739E /* QRScannerButton.swift */,
				A2039BB6220D6CFA00C67AAD /* CloseButton.swift */,
			);
			path = Components;
			sourceTree = "<group>";
		};
		A2E7F709220C772F00D047BE = {
			isa = PBXGroup;
			children = (
				A2E7F714220C772F00D047BE /* KDWeddingGift */,
				A2E7F713220C772F00D047BE /* Products */,
				453AF3E9DEE2482CF6D4321A /* Pods */,
				DF078FFD84F435E03319D9FD /* Frameworks */,
			);
			sourceTree = "<group>";
		};
		A2E7F713220C772F00D047BE /* Products */ = {
			isa = PBXGroup;
			children = (
				A2E7F712220C772F00D047BE /* KDWeddingGift.app */,
			);
			name = Products;
			sourceTree = "<group>";
		};
		A2E7F714220C772F00D047BE /* KDWeddingGift */ = {
			isa = PBXGroup;
			children = (
				A2E7F729220C784E00D047BE /* KDSwiftUtilities */,
				A276E587220D31ED0023739E /* Components */,
				A2E7F74F220C81FC00D047BE /* MainTabBar */,
				A2E7F750220C93BD00D047BE /* WeddingGiftt */,
				A2E7F755220C950D00D047BE /* QRScanner */,
				A2E7F75F220C9CD900D047BE /* Report */,
				A2E7F715220C772F00D047BE /* AppDelegate.swift */,
				A2E7F71C220C773000D047BE /* Assets.xcassets */,
				A2E7F71E220C773000D047BE /* LaunchScreen.storyboard */,
				A2E7F721220C773000D047BE /* Info.plist */,
			);
			path = KDWeddingGift;
			sourceTree = "<group>";
		};
		A2E7F729220C784E00D047BE /* KDSwiftUtilities */ = {
			isa = PBXGroup;
			children = (
				A276E582220D1EB30023739E /* Components */,
				A2E7F72A220C784E00D047BE /* DesignableKit */,
				A2E7F72C220C784E00D047BE /* Extensions */,
				A2E7F735220C784E00D047BE /* Utilities */,
			);
			name = KDSwiftUtilities;
			path = ../../KDSwiftUtilities;
			sourceTree = "<group>";
		};
		A2E7F72A220C784E00D047BE /* DesignableKit */ = {
			isa = PBXGroup;
			children = (
				A2E7F72B220C784E00D047BE /* UITextFieldX.swift */,
				A2BF1A81220D59890042F77F /* DesignableButton.swift */,
			);
			path = DesignableKit;
			sourceTree = "<group>";
		};
		A2E7F72C220C784E00D047BE /* Extensions */ = {
			isa = PBXGroup;
			children = (
				A2E7F72D220C784E00D047BE /* UITableViewX.swift */,
				A2E7F72E220C784E00D047BE /* UIScrollViewX.swift */,
				A2E7F72F220C784E00D047BE /* UIButtonX.swift */,
				A2E7F730220C784E00D047BE /* UILabelX.swift */,
				A2E7F731220C784E00D047BE /* UIViewControllerX.swift */,
				A2E7F732220C784E00D047BE /* StringX.swift */,
				A2E7F733220C784E00D047BE /* UIViewX.swift */,
				A2E7F734220C784E00D047BE /* UIAlertControllerX.swift */,
			);
			path = Extensions;
			sourceTree = "<group>";
		};
		A2E7F735220C784E00D047BE /* Utilities */ = {
			isa = PBXGroup;
			children = (
				A2BF1A7F220D49920042F77F /* AVQRCodeReader.swift */,
				A2E7F736220C784E00D047BE /* KeyboardService.swift */,
				A2E7F738220C784E00D047BE /* Log.swift */,
				A2E7F739220C784E00D047BE /* EmojiString.swift */,
				A2E7F73A220C784E00D047BE /* VolumeService.swift */,
				A2E7F73B220C784E00D047BE /* WeakObj.swift */,
				A2E7F73C220C784E00D047BE /* Queue.swift */,
				A2E7F73D220C784E00D047BE /* Helper.swift */,
			);
			path = Utilities;
			sourceTree = "<group>";
		};
		A2E7F74F220C81FC00D047BE /* MainTabBar */ = {
			isa = PBXGroup;
			children = (
				A2E7F717220C772F00D047BE /* MainTabBar.swift */,
				A2E7F719220C772F00D047BE /* MainTabBar.storyboard */,
			);
			path = MainTabBar;
			sourceTree = "<group>";
		};
		A2E7F750220C93BD00D047BE /* WeddingGiftt */ = {
			isa = PBXGroup;
			children = (
				A2E7F751220C93E000D047BE /* WeddingGiftVC.swift */,
				A2E7F753220C93EB00D047BE /* WeddingGiftVC.storyboard */,
			);
			path = WeddingGiftt;
			sourceTree = "<group>";
		};
		A2E7F755220C950D00D047BE /* QRScanner */ = {
			isa = PBXGroup;
			children = (
				A2E7F756220C97FD00D047BE /* QRScannerVC.swift */,
				A2E7F758220C981500D047BE /* QRScannerVC.storyboard */,
				A2039BB1220D679900C67AAD /* WeddingGiftForm */,
			);
			path = QRScanner;
			sourceTree = "<group>";
		};
		A2E7F75F220C9CD900D047BE /* Report */ = {
			isa = PBXGroup;
			children = (
				A2E7F760220C9CEA00D047BE /* ReportVC.swift */,
				A2E7F762220C9CFC00D047BE /* ReportVC.storyboard */,
			);
			path = Report;
			sourceTree = "<group>";
		};
		DF078FFD84F435E03319D9FD /* Frameworks */ = {
			isa = PBXGroup;
			children = (
				3CAFB2F38D38228CE6BB8EF8 /* Pods_KDWeddingGift.framework */,
			);
			name = Frameworks;
			sourceTree = "<group>";
		};
/* End PBXGroup section */

/* Begin PBXNativeTarget section */
		A2E7F711220C772F00D047BE /* KDWeddingGift */ = {
			isa = PBXNativeTarget;
			buildConfigurationList = A2E7F724220C773000D047BE /* Build configuration list for PBXNativeTarget "KDWeddingGift" */;
			buildPhases = (
				3117E54796AD79EE02F80DC2 /* [CP] Check Pods Manifest.lock */,
				A2E7F70E220C772F00D047BE /* Sources */,
				A2E7F70F220C772F00D047BE /* Frameworks */,
				A2E7F710220C772F00D047BE /* Resources */,
			);
			buildRules = (
			);
			dependencies = (
			);
			name = KDWeddingGift;
			productName = KDWeddingGift;
			productReference = A2E7F712220C772F00D047BE /* KDWeddingGift.app */;
			productType = "com.apple.product-type.application";
		};
/* End PBXNativeTarget section */

/* Begin PBXProject section */
		A2E7F70A220C772F00D047BE /* Project object */ = {
			isa = PBXProject;
			attributes = {
				LastSwiftUpdateCheck = 1010;
				LastUpgradeCheck = 1010;
				ORGANIZATIONNAME = KoingDev;
				TargetAttributes = {
					A2E7F711220C772F00D047BE = {
						CreatedOnToolsVersion = 10.1;
					};
				};
			};
			buildConfigurationList = A2E7F70D220C772F00D047BE /* Build configuration list for PBXProject "KDWeddingGift" */;
			compatibilityVersion = "Xcode 9.3";
			developmentRegion = en;
			hasScannedForEncodings = 0;
			knownRegions = (
				en,
				Base,
			);
			mainGroup = A2E7F709220C772F00D047BE;
			productRefGroup = A2E7F713220C772F00D047BE /* Products */;
			projectDirPath = "";
			projectRoot = "";
			targets = (
				A2E7F711220C772F00D047BE /* KDWeddingGift */,
			);
		};
/* End PBXProject section */

/* Begin PBXResourcesBuildPhase section */
		A2E7F710220C772F00D047BE /* Resources */ = {
			isa = PBXResourcesBuildPhase;
			buildActionMask = 2147483647;
			files = (
				A2E7F754220C93EB00D047BE /* WeddingGiftVC.storyboard in Resources */,
				A2E7F720220C773000D047BE /* LaunchScreen.storyboard in Resources */,
				A2E7F759220C981500D047BE /* QRScannerVC.storyboard in Resources */,
				A2E7F763220C9CFC00D047BE /* ReportVC.storyboard in Resources */,
				A2E7F71D220C773000D047BE /* Assets.xcassets in Resources */,
				A2039BB5220D67DD00C67AAD /* WeddingGiftFormVC.storyboard in Resources */,
				A2E7F71B220C772F00D047BE /* MainTabBar.storyboard in Resources */,
			);
			runOnlyForDeploymentPostprocessing = 0;
		};
/* End PBXResourcesBuildPhase section */

/* Begin PBXShellScriptBuildPhase section */
		3117E54796AD79EE02F80DC2 /* [CP] Check Pods Manifest.lock */ = {
			isa = PBXShellScriptBuildPhase;
			buildActionMask = 2147483647;
			files = (
			);
			inputPaths = (
				"${PODS_PODFILE_DIR_PATH}/Podfile.lock",
				"${PODS_ROOT}/Manifest.lock",
			);
			name = "[CP] Check Pods Manifest.lock";
			outputPaths = (
				"$(DERIVED_FILE_DIR)/Pods-KDWeddingGift-checkManifestLockResult.txt",
			);
			runOnlyForDeploymentPostprocessing = 0;
			shellPath = /bin/sh;
			shellScript = "diff \"${PODS_PODFILE_DIR_PATH}/Podfile.lock\" \"${PODS_ROOT}/Manifest.lock\" > /dev/null\nif [ $? != 0 ] ; then\n    # print error to STDERR\n    echo \"error: The sandbox is not in sync with the Podfile.lock. Run 'pod install' or update your CocoaPods installation.\" >&2\n    exit 1\nfi\n# This output is used by Xcode 'outputs' to avoid re-running this script phase.\necho \"SUCCESS\" > \"${SCRIPT_OUTPUT_FILE_0}\"\n";
			showEnvVarsInLog = 0;
		};
/* End PBXShellScriptBuildPhase section */

/* Begin PBXSourcesBuildPhase section */
		A2E7F70E220C772F00D047BE /* Sources */ = {
			isa = PBXSourcesBuildPhase;
			buildActionMask = 2147483647;
			files = (
				A276E584220D1EE80023739E /* MiddleCurveTabBar.swift in Sources */,
				A2E7F73E220C784E00D047BE /* UITextFieldX.swift in Sources */,
				A2E7F744220C784E00D047BE /* StringX.swift in Sources */,
				A2039BB7220D6CFA00C67AAD /* CloseButton.swift in Sources */,
				A2E7F718220C772F00D047BE /* MainTabBar.swift in Sources */,
				A2E7F745220C784E00D047BE /* UIViewX.swift in Sources */,
				A276E586220D2FD90023739E /* QRScannerButton.swift in Sources */,
				A2E7F741220C784E00D047BE /* UIButtonX.swift in Sources */,
				A2E7F74A220C784E00D047BE /* EmojiString.swift in Sources */,
				A2E7F746220C784E00D047BE /* UIAlertControllerX.swift in Sources */,
				A2E7F74D220C784E00D047BE /* Queue.swift in Sources */,
				A2E7F74E220C784E00D047BE /* Helper.swift in Sources */,
				A2039BB3220D67D400C67AAD /* WeddingGiftFormVC.swift in Sources */,
				A2E7F74C220C784E00D047BE /* WeakObj.swift in Sources */,
				A2E7F74B220C784E00D047BE /* VolumeService.swift in Sources */,
				A2BF1A82220D59890042F77F /* DesignableButton.swift in Sources */,
				A2E7F747220C784E00D047BE /* KeyboardService.swift in Sources */,
				A2E7F752220C93E000D047BE /* WeddingGiftVC.swift in Sources */,
				A2E7F742220C784E00D047BE /* UILabelX.swift in Sources */,
				A2E7F757220C97FD00D047BE /* QRScannerVC.swift in Sources */,
				A2E7F761220C9CEA00D047BE /* ReportVC.swift in Sources */,
				A2E7F749220C784E00D047BE /* Log.swift in Sources */,
				A2E7F73F220C784E00D047BE /* UITableViewX.swift in Sources */,
				A2E7F716220C772F00D047BE /* AppDelegate.swift in Sources */,
				A2E7F740220C784E00D047BE /* UIScrollViewX.swift in Sources */,
				A2E7F743220C784E00D047BE /* UIViewControllerX.swift in Sources */,
				A2BF1A80220D49920042F77F /* AVQRCodeReader.swift in Sources */,
			);
			runOnlyForDeploymentPostprocessing = 0;
		};
/* End PBXSourcesBuildPhase section */

/* Begin PBXVariantGroup section */
		A2E7F719220C772F00D047BE /* MainTabBar.storyboard */ = {
			isa = PBXVariantGroup;
			children = (
				A2E7F71A220C772F00D047BE /* Base */,
			);
			name = MainTabBar.storyboard;
			sourceTree = "<group>";
		};
		A2E7F71E220C773000D047BE /* LaunchScreen.storyboard */ = {
			isa = PBXVariantGroup;
			children = (
				A2E7F71F220C773000D047BE /* Base */,
			);
			name = LaunchScreen.storyboard;
			sourceTree = "<group>";
		};
/* End PBXVariantGroup section */

/* Begin XCBuildConfiguration section */
		A2E7F722220C773000D047BE /* Debug */ = {
			isa = XCBuildConfiguration;
			buildSettings = {
				ALWAYS_SEARCH_USER_PATHS = NO;
				CLANG_ANALYZER_NONNULL = YES;
				CLANG_ANALYZER_NUMBER_OBJECT_CONVERSION = YES_AGGRESSIVE;
				CLANG_CXX_LANGUAGE_STANDARD = "gnu++14";
				CLANG_CXX_LIBRARY = "libc++";
				CLANG_ENABLE_MODULES = YES;
				CLANG_ENABLE_OBJC_ARC = YES;
				CLANG_ENABLE_OBJC_WEAK = YES;
				CLANG_WARN_BLOCK_CAPTURE_AUTORELEASING = YES;
				CLANG_WARN_BOOL_CONVERSION = YES;
				CLANG_WARN_COMMA = YES;
				CLANG_WARN_CONSTANT_CONVERSION = YES;
				CLANG_WARN_DEPRECATED_OBJC_IMPLEMENTATIONS = YES;
				CLANG_WARN_DIRECT_OBJC_ISA_USAGE = YES_ERROR;
				CLANG_WARN_DOCUMENTATION_COMMENTS = YES;
				CLANG_WARN_EMPTY_BODY = YES;
				CLANG_WARN_ENUM_CONVERSION = YES;
				CLANG_WARN_INFINITE_RECURSION = YES;
				CLANG_WARN_INT_CONVERSION = YES;
				CLANG_WARN_NON_LITERAL_NULL_CONVERSION = YES;
				CLANG_WARN_OBJC_IMPLICIT_RETAIN_SELF = YES;
				CLANG_WARN_OBJC_LITERAL_CONVERSION = YES;
				CLANG_WARN_OBJC_ROOT_CLASS = YES_ERROR;
				CLANG_WARN_RANGE_LOOP_ANALYSIS = YES;
				CLANG_WARN_STRICT_PROTOTYPES = YES;
				CLANG_WARN_SUSPICIOUS_MOVE = YES;
				CLANG_WARN_UNGUARDED_AVAILABILITY = YES_AGGRESSIVE;
				CLANG_WARN_UNREACHABLE_CODE = YES;
				CLANG_WARN__DUPLICATE_METHOD_MATCH = YES;
				CODE_SIGN_IDENTITY = "iPhone Developer";
				COPY_PHASE_STRIP = NO;
				DEBUG_INFORMATION_FORMAT = dwarf;
				ENABLE_STRICT_OBJC_MSGSEND = YES;
				ENABLE_TESTABILITY = YES;
				GCC_C_LANGUAGE_STANDARD = gnu11;
				GCC_DYNAMIC_NO_PIC = NO;
				GCC_NO_COMMON_BLOCKS = YES;
				GCC_OPTIMIZATION_LEVEL = 0;
				GCC_PREPROCESSOR_DEFINITIONS = (
					"DEBUG=1",
					"$(inherited)",
				);
				GCC_WARN_64_TO_32_BIT_CONVERSION = YES;
				GCC_WARN_ABOUT_RETURN_TYPE = YES_ERROR;
				GCC_WARN_UNDECLARED_SELECTOR = YES;
				GCC_WARN_UNINITIALIZED_AUTOS = YES_AGGRESSIVE;
				GCC_WARN_UNUSED_FUNCTION = YES;
				GCC_WARN_UNUSED_VARIABLE = YES;
				IPHONEOS_DEPLOYMENT_TARGET = 12.1;
				MTL_ENABLE_DEBUG_INFO = INCLUDE_SOURCE;
				MTL_FAST_MATH = YES;
				ONLY_ACTIVE_ARCH = YES;
				SDKROOT = iphoneos;
				SWIFT_ACTIVE_COMPILATION_CONDITIONS = DEBUG;
				SWIFT_OPTIMIZATION_LEVEL = "-Onone";
			};
			name = Debug;
		};
		A2E7F723220C773000D047BE /* Release */ = {
			isa = XCBuildConfiguration;
			buildSettings = {
				ALWAYS_SEARCH_USER_PATHS = NO;
				CLANG_ANALYZER_NONNULL = YES;
				CLANG_ANALYZER_NUMBER_OBJECT_CONVERSION = YES_AGGRESSIVE;
				CLANG_CXX_LANGUAGE_STANDARD = "gnu++14";
				CLANG_CXX_LIBRARY = "libc++";
				CLANG_ENABLE_MODULES = YES;
				CLANG_ENABLE_OBJC_ARC = YES;
				CLANG_ENABLE_OBJC_WEAK = YES;
				CLANG_WARN_BLOCK_CAPTURE_AUTORELEASING = YES;
				CLANG_WARN_BOOL_CONVERSION = YES;
				CLANG_WARN_COMMA = YES;
				CLANG_WARN_CONSTANT_CONVERSION = YES;
				CLANG_WARN_DEPRECATED_OBJC_IMPLEMENTATIONS = YES;
				CLANG_WARN_DIRECT_OBJC_ISA_USAGE = YES_ERROR;
				CLANG_WARN_DOCUMENTATION_COMMENTS = YES;
				CLANG_WARN_EMPTY_BODY = YES;
				CLANG_WARN_ENUM_CONVERSION = YES;
				CLANG_WARN_INFINITE_RECURSION = YES;
				CLANG_WARN_INT_CONVERSION = YES;
				CLANG_WARN_NON_LITERAL_NULL_CONVERSION = YES;
				CLANG_WARN_OBJC_IMPLICIT_RETAIN_SELF = YES;
				CLANG_WARN_OBJC_LITERAL_CONVERSION = YES;
				CLANG_WARN_OBJC_ROOT_CLASS = YES_ERROR;
				CLANG_WARN_RANGE_LOOP_ANALYSIS = YES;
				CLANG_WARN_STRICT_PROTOTYPES = YES;
				CLANG_WARN_SUSPICIOUS_MOVE = YES;
				CLANG_WARN_UNGUARDED_AVAILABILITY = YES_AGGRESSIVE;
				CLANG_WARN_UNREACHABLE_CODE = YES;
				CLANG_WARN__DUPLICATE_METHOD_MATCH = YES;
				CODE_SIGN_IDENTITY = "iPhone Developer";
				COPY_PHASE_STRIP = NO;
				DEBUG_INFORMATION_FORMAT = "dwarf-with-dsym";
				ENABLE_NS_ASSERTIONS = NO;
				ENABLE_STRICT_OBJC_MSGSEND = YES;
				GCC_C_LANGUAGE_STANDARD = gnu11;
				GCC_NO_COMMON_BLOCKS = YES;
				GCC_WARN_64_TO_32_BIT_CONVERSION = YES;
				GCC_WARN_ABOUT_RETURN_TYPE = YES_ERROR;
				GCC_WARN_UNDECLARED_SELECTOR = YES;
				GCC_WARN_UNINITIALIZED_AUTOS = YES_AGGRESSIVE;
				GCC_WARN_UNUSED_FUNCTION = YES;
				GCC_WARN_UNUSED_VARIABLE = YES;
				IPHONEOS_DEPLOYMENT_TARGET = 12.1;
				MTL_ENABLE_DEBUG_INFO = NO;
				MTL_FAST_MATH = YES;
				SDKROOT = iphoneos;
				SWIFT_COMPILATION_MODE = wholemodule;
				SWIFT_OPTIMIZATION_LEVEL = "-O";
				VALIDATE_PRODUCT = YES;
			};
			name = Release;
		};
		A2E7F725220C773000D047BE /* Debug */ = {
			isa = XCBuildConfiguration;
			baseConfigurationReference = 7486E78C209B1594D202936F /* Pods-KDWeddingGift.debug.xcconfig */;
			buildSettings = {
				ASSETCATALOG_COMPILER_APPICON_NAME = AppIcon;
				CODE_SIGN_STYLE = Automatic;
				DEVELOPMENT_TEAM = 8W8M6CAUQE;
				INFOPLIST_FILE = KDWeddingGift/Info.plist;
				IPHONEOS_DEPLOYMENT_TARGET = 9.0;
				LD_RUNPATH_SEARCH_PATHS = (
					"$(inherited)",
					"@executable_path/Frameworks",
				);
				PRODUCT_BUNDLE_IDENTIFIER = KoingDev.KDWeddingGift;
				PRODUCT_NAME = "$(TARGET_NAME)";
				SWIFT_VERSION = 4.2;
				TARGETED_DEVICE_FAMILY = "1,2";
			};
			name = Debug;
		};
		A2E7F726220C773000D047BE /* Release */ = {
			isa = XCBuildConfiguration;
			baseConfigurationReference = 779A05C79DC66EFEDADE22D3 /* Pods-KDWeddingGift.release.xcconfig */;
			buildSettings = {
				ASSETCATALOG_COMPILER_APPICON_NAME = AppIcon;
				CODE_SIGN_STYLE = Automatic;
				DEVELOPMENT_TEAM = 8W8M6CAUQE;
				INFOPLIST_FILE = KDWeddingGift/Info.plist;
				IPHONEOS_DEPLOYMENT_TARGET = 9.0;
				LD_RUNPATH_SEARCH_PATHS = (
					"$(inherited)",
					"@executable_path/Frameworks",
				);
				PRODUCT_BUNDLE_IDENTIFIER = KoingDev.KDWeddingGift;
				PRODUCT_NAME = "$(TARGET_NAME)";
				SWIFT_VERSION = 4.2;
				TARGETED_DEVICE_FAMILY = "1,2";
			};
			name = Release;
		};
/* End XCBuildConfiguration section */

/* Begin XCConfigurationList section */
		A2E7F70D220C772F00D047BE /* Build configuration list for PBXProject "KDWeddingGift" */ = {
			isa = XCConfigurationList;
			buildConfigurations = (
				A2E7F722220C773000D047BE /* Debug */,
				A2E7F723220C773000D047BE /* Release */,
			);
			defaultConfigurationIsVisible = 0;
			defaultConfigurationName = Release;
		};
		A2E7F724220C773000D047BE /* Build configuration list for PBXNativeTarget "KDWeddingGift" */ = {
			isa = XCConfigurationList;
			buildConfigurations = (
				A2E7F725220C773000D047BE /* Debug */,
				A2E7F726220C773000D047BE /* Release */,
			);
			defaultConfigurationIsVisible = 0;
			defaultConfigurationName = Release;
		};
/* End XCConfigurationList section */
	};
	rootObject = A2E7F70A220C772F00D047BE /* Project object */;
}
