// !$*UTF8*$!
{
	archiveVersion = 1;
	classes = {
	};
	objectVersion = 50;
	objects = {

/* Begin PBXBuildFile section */
		A2E7F716220C772F00D047BE /* AppDelegate.swift in Sources */ = {isa = PBXBuildFile; fileRef = A2E7F715220C772F00D047BE /* AppDelegate.swift */; };
		A2E7F718220C772F00D047BE /* ViewController.swift in Sources */ = {isa = PBXBuildFile; fileRef = A2E7F717220C772F00D047BE /* ViewController.swift */; };
		A2E7F71B220C772F00D047BE /* Main.storyboard in Resources */ = {isa = PBXBuildFile; fileRef = A2E7F719220C772F00D047BE /* Main.storyboard */; };
		A2E7F71D220C773000D047BE /* Assets.xcassets in Resources */ = {isa = PBXBuildFile; fileRef = A2E7F71C220C773000D047BE /* Assets.xcassets */; };
		A2E7F720220C773000D047BE /* LaunchScreen.storyboard in Resources */ = {isa = PBXBuildFile; fileRef = A2E7F71E220C773000D047BE /* LaunchScreen.storyboard */; };
		A2E7F73E220C784E00D047BE /* UITextFieldX.swift in Sources */ = {isa = PBXBuildFile; fileRef = A2E7F72B220C784E00D047BE /* UITextFieldX.swift */; };
		A2E7F73F220C784E00D047BE /* UITableViewX.swift in Sources */ = {isa = PBXBuildFile; fileRef = A2E7F72D220C784E00D047BE /* UITableViewX.swift */; };
		A2E7F740220C784E00D047BE /* UIScrollViewX.swift in Sources */ = {isa = PBXBuildFile; fileRef = A2E7F72E220C784E00D047BE /* UIScrollViewX.swift */; };
		A2E7F741220C784E00D047BE /* UIButtonX.swift in Sources */ = {isa = PBXBuildFile; fileRef = A2E7F72F220C784E00D047BE /* UIButtonX.swift */; };
		A2E7F742220C784E00D047BE /* UILabelX.swift in Sources */ = {isa = PBXBuildFile; fileRef = A2E7F730220C784E00D047BE /* UILabelX.swift */; };
		A2E7F743220C784E00D047BE /* UIViewControllerX.swift in Sources */ = {isa = PBXBuildFile; fileRef = A2E7F731220C784E00D047BE /* UIViewControllerX.swift */; };
		A2E7F744220C784E00D047BE /* StringX.swift in Sources */ = {isa = PBXBuildFile; fileRef = A2E7F732220C784E00D047BE /* StringX.swift */; };
		A2E7F745220C784E00D047BE /* UIViewX.swift in Sources */ = {isa = PBXBuildFile; fileRef = A2E7F733220C784E00D047BE /* UIViewX.swift */; };
		A2E7F746220C784E00D047BE /* UIAlertControllerX.swift in Sources */ = {isa = PBXBuildFile; fileRef = A2E7F734220C784E00D047BE /* UIAlertControllerX.swift */; };
		A2E7F747220C784E00D047BE /* KeyboardService.swift in Sources */ = {isa = PBXBuildFile; fileRef = A2E7F736220C784E00D047BE /* KeyboardService.swift */; };
		A2E7F748220C784E00D047BE /* NetworkListener.swift in Sources */ = {isa = PBXBuildFile; fileRef = A2E7F737220C784E00D047BE /* NetworkListener.swift */; };
		A2E7F749220C784E00D047BE /* Log.swift in Sources */ = {isa = PBXBuildFile; fileRef = A2E7F738220C784E00D047BE /* Log.swift */; };
		A2E7F74A220C784E00D047BE /* EmojiString.swift in Sources */ = {isa = PBXBuildFile; fileRef = A2E7F739220C784E00D047BE /* EmojiString.swift */; };
		A2E7F74B220C784E00D047BE /* VolumeService.swift in Sources */ = {isa = PBXBuildFile; fileRef = A2E7F73A220C784E00D047BE /* VolumeService.swift */; };
		A2E7F74C220C784E00D047BE /* WeakObj.swift in Sources */ = {isa = PBXBuildFile; fileRef = A2E7F73B220C784E00D047BE /* WeakObj.swift */; };
		A2E7F74D220C784E00D047BE /* Queue.swift in Sources */ = {isa = PBXBuildFile; fileRef = A2E7F73C220C784E00D047BE /* Queue.swift */; };
		A2E7F74E220C784E00D047BE /* Helper.swift in Sources */ = {isa = PBXBuildFile; fileRef = A2E7F73D220C784E00D047BE /* Helper.swift */; };
/* End PBXBuildFile section */

/* Begin PBXFileReference section */
		A2E7F712220C772F00D047BE /* KDWeddingGift.app */ = {isa = PBXFileReference; explicitFileType = wrapper.application; includeInIndex = 0; path = KDWeddingGift.app; sourceTree = BUILT_PRODUCTS_DIR; };
		A2E7F715220C772F00D047BE /* AppDelegate.swift */ = {isa = PBXFileReference; lastKnownFileType = sourcecode.swift; path = AppDelegate.swift; sourceTree = "<group>"; };
		A2E7F717220C772F00D047BE /* ViewController.swift */ = {isa = PBXFileReference; lastKnownFileType = sourcecode.swift; path = ViewController.swift; sourceTree = "<group>"; };
		A2E7F71A220C772F00D047BE /* Base */ = {isa = PBXFileReference; lastKnownFileType = file.storyboard; name = Base; path = Base.lproj/Main.storyboard; sourceTree = "<group>"; };
		A2E7F71C220C773000D047BE /* Assets.xcassets */ = {isa = PBXFileReference; lastKnownFileType = folder.assetcatalog; path = Assets.xcassets; sourceTree = "<group>"; };
		A2E7F71F220C773000D047BE /* Base */ = {isa = PBXFileReference; lastKnownFileType = file.storyboard; name = Base; path = Base.lproj/LaunchScreen.storyboard; sourceTree = "<group>"; };
		A2E7F721220C773000D047BE /* Info.plist */ = {isa = PBXFileReference; lastKnownFileType = text.plist.xml; path = Info.plist; sourceTree = "<group>"; };
		A2E7F72B220C784E00D047BE /* UITextFieldX.swift */ = {isa = PBXFileReference; fileEncoding = 4; lastKnownFileType = sourcecode.swift; path = UITextFieldX.swift; sourceTree = "<group>"; };
		A2E7F72D220C784E00D047BE /* UITableViewX.swift */ = {isa = PBXFileReference; fileEncoding = 4; lastKnownFileType = sourcecode.swift; path = UITableViewX.swift; sourceTree = "<group>"; };
		A2E7F72E220C784E00D047BE /* UIScrollViewX.swift */ = {isa = PBXFileReference; fileEncoding = 4; lastKnownFileType = sourcecode.swift; path = UIScrollViewX.swift; sourceTree = "<group>"; };
		A2E7F72F220C784E00D047BE /* UIButtonX.swift */ = {isa = PBXFileReference; fileEncoding = 4; lastKnownFileType = sourcecode.swift; path = UIButtonX.swift; sourceTree = "<group>"; };
		A2E7F730220C784E00D047BE /* UILabelX.swift */ = {isa = PBXFileReference; fileEncoding = 4; lastKnownFileType = sourcecode.swift; path = UILabelX.swift; sourceTree = "<group>"; };
		A2E7F731220C784E00D047BE /* UIViewControllerX.swift */ = {isa = PBXFileReference; fileEncoding = 4; lastKnownFileType = sourcecode.swift; path = UIViewControllerX.swift; sourceTree = "<group>"; };
		A2E7F732220C784E00D047BE /* StringX.swift */ = {isa = PBXFileReference; fileEncoding = 4; lastKnownFileType = sourcecode.swift; path = StringX.swift; sourceTree = "<group>"; };
		A2E7F733220C784E00D047BE /* UIViewX.swift */ = {isa = PBXFileReference; fileEncoding = 4; lastKnownFileType = sourcecode.swift; path = UIViewX.swift; sourceTree = "<group>"; };
		A2E7F734220C784E00D047BE /* UIAlertControllerX.swift */ = {isa = PBXFileReference; fileEncoding = 4; lastKnownFileType = sourcecode.swift; path = UIAlertControllerX.swift; sourceTree = "<group>"; };
		A2E7F736220C784E00D047BE /* KeyboardService.swift */ = {isa = PBXFileReference; fileEncoding = 4; lastKnownFileType = sourcecode.swift; path = KeyboardService.swift; sourceTree = "<group>"; };
		A2E7F737220C784E00D047BE /* NetworkListener.swift */ = {isa = PBXFileReference; fileEncoding = 4; lastKnownFileType = sourcecode.swift; path = NetworkListener.swift; sourceTree = "<group>"; };
		A2E7F738220C784E00D047BE /* Log.swift */ = {isa = PBXFileReference; fileEncoding = 4; lastKnownFileType = sourcecode.swift; path = Log.swift; sourceTree = "<group>"; };
		A2E7F739220C784E00D047BE /* EmojiString.swift */ = {isa = PBXFileReference; fileEncoding = 4; lastKnownFileType = sourcecode.swift; path = EmojiString.swift; sourceTree = "<group>"; };
		A2E7F73A220C784E00D047BE /* VolumeService.swift */ = {isa = PBXFileReference; fileEncoding = 4; lastKnownFileType = sourcecode.swift; path = VolumeService.swift; sourceTree = "<group>"; };
		A2E7F73B220C784E00D047BE /* WeakObj.swift */ = {isa = PBXFileReference; fileEncoding = 4; lastKnownFileType = sourcecode.swift; path = WeakObj.swift; sourceTree = "<group>"; };
		A2E7F73C220C784E00D047BE /* Queue.swift */ = {isa = PBXFileReference; fileEncoding = 4; lastKnownFileType = sourcecode.swift; path = Queue.swift; sourceTree = "<group>"; };
		A2E7F73D220C784E00D047BE /* Helper.swift */ = {isa = PBXFileReference; fileEncoding = 4; lastKnownFileType = sourcecode.swift; path = Helper.swift; sourceTree = "<group>"; };
/* End PBXFileReference section */

/* Begin PBXFrameworksBuildPhase section */
		A2E7F70F220C772F00D047BE /* Frameworks */ = {
			isa = PBXFrameworksBuildPhase;
			buildActionMask = 2147483647;
			files = (
			);
			runOnlyForDeploymentPostprocessing = 0;
		};
/* End PBXFrameworksBuildPhase section */

/* Begin PBXGroup section */
		A2E7F709220C772F00D047BE = {
			isa = PBXGroup;
			children = (
				A2E7F714220C772F00D047BE /* KDWeddingGift */,
				A2E7F713220C772F00D047BE /* Products */,
			);
			sourceTree = "<group>";
		};
		A2E7F713220C772F00D047BE /* Products */ = {
			isa = PBXGroup;
			children = (
				A2E7F712220C772F00D047BE /* KDWeddingGift.app */,
			);
			name = Products;
			sourceTree = "<group>";
		};
		A2E7F714220C772F00D047BE /* KDWeddingGift */ = {
			isa = PBXGroup;
			children = (
				A2E7F729220C784E00D047BE /* KDSwiftUtilities */,
				A2E7F715220C772F00D047BE /* AppDelegate.swift */,
				A2E7F717220C772F00D047BE /* ViewController.swift */,
				A2E7F719220C772F00D047BE /* Main.storyboard */,
				A2E7F71C220C773000D047BE /* Assets.xcassets */,
				A2E7F71E220C773000D047BE /* LaunchScreen.storyboard */,
				A2E7F721220C773000D047BE /* Info.plist */,
			);
			path = KDWeddingGift;
			sourceTree = "<group>";
		};
		A2E7F729220C784E00D047BE /* KDSwiftUtilities */ = {
			isa = PBXGroup;
			children = (
				A2E7F72A220C784E00D047BE /* DesignableX */,
				A2E7F72C220C784E00D047BE /* Extensions */,
				A2E7F735220C784E00D047BE /* Utilities */,
			);
			name = KDSwiftUtilities;
			path = ../../KDSwiftUtilities;
			sourceTree = "<group>";
		};
		A2E7F72A220C784E00D047BE /* DesignableX */ = {
			isa = PBXGroup;
			children = (
				A2E7F72B220C784E00D047BE /* UITextFieldX.swift */,
			);
			path = DesignableX;
			sourceTree = "<group>";
		};
		A2E7F72C220C784E00D047BE /* Extensions */ = {
			isa = PBXGroup;
			children = (
				A2E7F72D220C784E00D047BE /* UITableViewX.swift */,
				A2E7F72E220C784E00D047BE /* UIScrollViewX.swift */,
				A2E7F72F220C784E00D047BE /* UIButtonX.swift */,
				A2E7F730220C784E00D047BE /* UILabelX.swift */,
				A2E7F731220C784E00D047BE /* UIViewControllerX.swift */,
				A2E7F732220C784E00D047BE /* StringX.swift */,
				A2E7F733220C784E00D047BE /* UIViewX.swift */,
				A2E7F734220C784E00D047BE /* UIAlertControllerX.swift */,
			);
			path = Extensions;
			sourceTree = "<group>";
		};
		A2E7F735220C784E00D047BE /* Utilities */ = {
			isa = PBXGroup;
			children = (
				A2E7F736220C784E00D047BE /* KeyboardService.swift */,
				A2E7F737220C784E00D047BE /* NetworkListener.swift */,
				A2E7F738220C784E00D047BE /* Log.swift */,
				A2E7F739220C784E00D047BE /* EmojiString.swift */,
				A2E7F73A220C784E00D047BE /* VolumeService.swift */,
				A2E7F73B220C784E00D047BE /* WeakObj.swift */,
				A2E7F73C220C784E00D047BE /* Queue.swift */,
				A2E7F73D220C784E00D047BE /* Helper.swift */,
			);
			path = Utilities;
			sourceTree = "<group>";
		};
/* End PBXGroup section */

/* Begin PBXNativeTarget section */
		A2E7F711220C772F00D047BE /* KDWeddingGift */ = {
			isa = PBXNativeTarget;
			buildConfigurationList = A2E7F724220C773000D047BE /* Build configuration list for PBXNativeTarget "KDWeddingGift" */;
			buildPhases = (
				A2E7F70E220C772F00D047BE /* Sources */,
				A2E7F70F220C772F00D047BE /* Frameworks */,
				A2E7F710220C772F00D047BE /* Resources */,
			);
			buildRules = (
			);
			dependencies = (
			);
			name = KDWeddingGift;
			productName = KDWeddingGift;
			productReference = A2E7F712220C772F00D047BE /* KDWeddingGift.app */;
			productType = "com.apple.product-type.application";
		};
/* End PBXNativeTarget section */

/* Begin PBXProject section */
		A2E7F70A220C772F00D047BE /* Project object */ = {
			isa = PBXProject;
			attributes = {
				LastSwiftUpdateCheck = 1010;
				LastUpgradeCheck = 1010;
				ORGANIZATIONNAME = KoingDev;
				TargetAttributes = {
					A2E7F711220C772F00D047BE = {
						CreatedOnToolsVersion = 10.1;
					};
				};
			};
			buildConfigurationList = A2E7F70D220C772F00D047BE /* Build configuration list for PBXProject "KDWeddingGift" */;
			compatibilityVersion = "Xcode 9.3";
			developmentRegion = en;
			hasScannedForEncodings = 0;
			knownRegions = (
				en,
				Base,
			);
			mainGroup = A2E7F709220C772F00D047BE;
			productRefGroup = A2E7F713220C772F00D047BE /* Products */;
			projectDirPath = "";
			projectRoot = "";
			targets = (
				A2E7F711220C772F00D047BE /* KDWeddingGift */,
			);
		};
/* End PBXProject section */

/* Begin PBXResourcesBuildPhase section */
		A2E7F710220C772F00D047BE /* Resources */ = {
			isa = PBXResourcesBuildPhase;
			buildActionMask = 2147483647;
			files = (
				A2E7F720220C773000D047BE /* LaunchScreen.storyboard in Resources */,
				A2E7F71D220C773000D047BE /* Assets.xcassets in Resources */,
				A2E7F71B220C772F00D047BE /* Main.storyboard in Resources */,
			);
			runOnlyForDeploymentPostprocessing = 0;
		};
/* End PBXResourcesBuildPhase section */

/* Begin PBXSourcesBuildPhase section */
		A2E7F70E220C772F00D047BE /* Sources */ = {
			isa = PBXSourcesBuildPhase;
			buildActionMask = 2147483647;
			files = (
				A2E7F73E220C784E00D047BE /* UITextFieldX.swift in Sources */,
				A2E7F744220C784E00D047BE /* StringX.swift in Sources */,
				A2E7F718220C772F00D047BE /* ViewController.swift in Sources */,
				A2E7F745220C784E00D047BE /* UIViewX.swift in Sources */,
				A2E7F741220C784E00D047BE /* UIButtonX.swift in Sources */,
				A2E7F74A220C784E00D047BE /* EmojiString.swift in Sources */,
				A2E7F746220C784E00D047BE /* UIAlertControllerX.swift in Sources */,
				A2E7F74D220C784E00D047BE /* Queue.swift in Sources */,
				A2E7F74E220C784E00D047BE /* Helper.swift in Sources */,
				A2E7F74C220C784E00D047BE /* WeakObj.swift in Sources */,
				A2E7F74B220C784E00D047BE /* VolumeService.swift in Sources */,
				A2E7F747220C784E00D047BE /* KeyboardService.swift in Sources */,
				A2E7F742220C784E00D047BE /* UILabelX.swift in Sources */,
				A2E7F749220C784E00D047BE /* Log.swift in Sources */,
				A2E7F73F220C784E00D047BE /* UITableViewX.swift in Sources */,
				A2E7F716220C772F00D047BE /* AppDelegate.swift in Sources */,
				A2E7F740220C784E00D047BE /* UIScrollViewX.swift in Sources */,
				A2E7F743220C784E00D047BE /* UIViewControllerX.swift in Sources */,
				A2E7F748220C784E00D047BE /* NetworkListener.swift in Sources */,
			);
			runOnlyForDeploymentPostprocessing = 0;
		};
/* End PBXSourcesBuildPhase section */

/* Begin PBXVariantGroup section */
		A2E7F719220C772F00D047BE /* Main.storyboard */ = {
			isa = PBXVariantGroup;
			children = (
				A2E7F71A220C772F00D047BE /* Base */,
			);
			name = Main.storyboard;
			sourceTree = "<group>";
		};
		A2E7F71E220C773000D047BE /* LaunchScreen.storyboard */ = {
			isa = PBXVariantGroup;
			children = (
				A2E7F71F220C773000D047BE /* Base */,
			);
			name = LaunchScreen.storyboard;
			sourceTree = "<group>";
		};
/* End PBXVariantGroup section */

/* Begin XCBuildConfiguration section */
		A2E7F722220C773000D047BE /* Debug */ = {
			isa = XCBuildConfiguration;
			buildSettings = {
				ALWAYS_SEARCH_USER_PATHS = NO;
				CLANG_ANALYZER_NONNULL = YES;
				CLANG_ANALYZER_NUMBER_OBJECT_CONVERSION = YES_AGGRESSIVE;
				CLANG_CXX_LANGUAGE_STANDARD = "gnu++14";
				CLANG_CXX_LIBRARY = "libc++";
				CLANG_ENABLE_MODULES = YES;
				CLANG_ENABLE_OBJC_ARC = YES;
				CLANG_ENABLE_OBJC_WEAK = YES;
				CLANG_WARN_BLOCK_CAPTURE_AUTORELEASING = YES;
				CLANG_WARN_BOOL_CONVERSION = YES;
				CLANG_WARN_COMMA = YES;
				CLANG_WARN_CONSTANT_CONVERSION = YES;
				CLANG_WARN_DEPRECATED_OBJC_IMPLEMENTATIONS = YES;
				CLANG_WARN_DIRECT_OBJC_ISA_USAGE = YES_ERROR;
				CLANG_WARN_DOCUMENTATION_COMMENTS = YES;
				CLANG_WARN_EMPTY_BODY = YES;
				CLANG_WARN_ENUM_CONVERSION = YES;
				CLANG_WARN_INFINITE_RECURSION = YES;
				CLANG_WARN_INT_CONVERSION = YES;
				CLANG_WARN_NON_LITERAL_NULL_CONVERSION = YES;
				CLANG_WARN_OBJC_IMPLICIT_RETAIN_SELF = YES;
				CLANG_WARN_OBJC_LITERAL_CONVERSION = YES;
				CLANG_WARN_OBJC_ROOT_CLASS = YES_ERROR;
				CLANG_WARN_RANGE_LOOP_ANALYSIS = YES;
				CLANG_WARN_STRICT_PROTOTYPES = YES;
				CLANG_WARN_SUSPICIOUS_MOVE = YES;
				CLANG_WARN_UNGUARDED_AVAILABILITY = YES_AGGRESSIVE;
				CLANG_WARN_UNREACHABLE_CODE = YES;
				CLANG_WARN__DUPLICATE_METHOD_MATCH = YES;
				CODE_SIGN_IDENTITY = "iPhone Developer";
				COPY_PHASE_STRIP = NO;
				DEBUG_INFORMATION_FORMAT = dwarf;
				ENABLE_STRICT_OBJC_MSGSEND = YES;
				ENABLE_TESTABILITY = YES;
				GCC_C_LANGUAGE_STANDARD = gnu11;
				GCC_DYNAMIC_NO_PIC = NO;
				GCC_NO_COMMON_BLOCKS = YES;
				GCC_OPTIMIZATION_LEVEL = 0;
				GCC_PREPROCESSOR_DEFINITIONS = (
					"DEBUG=1",
					"$(inherited)",
				);
				GCC_WARN_64_TO_32_BIT_CONVERSION = YES;
				GCC_WARN_ABOUT_RETURN_TYPE = YES_ERROR;
				GCC_WARN_UNDECLARED_SELECTOR = YES;
				GCC_WARN_UNINITIALIZED_AUTOS = YES_AGGRESSIVE;
				GCC_WARN_UNUSED_FUNCTION = YES;
				GCC_WARN_UNUSED_VARIABLE = YES;
				IPHONEOS_DEPLOYMENT_TARGET = 12.1;
				MTL_ENABLE_DEBUG_INFO = INCLUDE_SOURCE;
				MTL_FAST_MATH = YES;
				ONLY_ACTIVE_ARCH = YES;
				SDKROOT = iphoneos;
				SWIFT_ACTIVE_COMPILATION_CONDITIONS = DEBUG;
				SWIFT_OPTIMIZATION_LEVEL = "-Onone";
			};
			name = Debug;
		};
		A2E7F723220C773000D047BE /* Release */ = {
			isa = XCBuildConfiguration;
			buildSettings = {
				ALWAYS_SEARCH_USER_PATHS = NO;
				CLANG_ANALYZER_NONNULL = YES;
				CLANG_ANALYZER_NUMBER_OBJECT_CONVERSION = YES_AGGRESSIVE;
				CLANG_CXX_LANGUAGE_STANDARD = "gnu++14";
				CLANG_CXX_LIBRARY = "libc++";
				CLANG_ENABLE_MODULES = YES;
				CLANG_ENABLE_OBJC_ARC = YES;
				CLANG_ENABLE_OBJC_WEAK = YES;
				CLANG_WARN_BLOCK_CAPTURE_AUTORELEASING = YES;
				CLANG_WARN_BOOL_CONVERSION = YES;
				CLANG_WARN_COMMA = YES;
				CLANG_WARN_CONSTANT_CONVERSION = YES;
				CLANG_WARN_DEPRECATED_OBJC_IMPLEMENTATIONS = YES;
				CLANG_WARN_DIRECT_OBJC_ISA_USAGE = YES_ERROR;
				CLANG_WARN_DOCUMENTATION_COMMENTS = YES;
				CLANG_WARN_EMPTY_BODY = YES;
				CLANG_WARN_ENUM_CONVERSION = YES;
				CLANG_WARN_INFINITE_RECURSION = YES;
				CLANG_WARN_INT_CONVERSION = YES;
				CLANG_WARN_NON_LITERAL_NULL_CONVERSION = YES;
				CLANG_WARN_OBJC_IMPLICIT_RETAIN_SELF = YES;
				CLANG_WARN_OBJC_LITERAL_CONVERSION = YES;
				CLANG_WARN_OBJC_ROOT_CLASS = YES_ERROR;
				CLANG_WARN_RANGE_LOOP_ANALYSIS = YES;
				CLANG_WARN_STRICT_PROTOTYPES = YES;
				CLANG_WARN_SUSPICIOUS_MOVE = YES;
				CLANG_WARN_UNGUARDED_AVAILABILITY = YES_AGGRESSIVE;
				CLANG_WARN_UNREACHABLE_CODE = YES;
				CLANG_WARN__DUPLICATE_METHOD_MATCH = YES;
				CODE_SIGN_IDENTITY = "iPhone Developer";
				COPY_PHASE_STRIP = NO;
				DEBUG_INFORMATION_FORMAT = "dwarf-with-dsym";
				ENABLE_NS_ASSERTIONS = NO;
				ENABLE_STRICT_OBJC_MSGSEND = YES;
				GCC_C_LANGUAGE_STANDARD = gnu11;
				GCC_NO_COMMON_BLOCKS = YES;
				GCC_WARN_64_TO_32_BIT_CONVERSION = YES;
				GCC_WARN_ABOUT_RETURN_TYPE = YES_ERROR;
				GCC_WARN_UNDECLARED_SELECTOR = YES;
				GCC_WARN_UNINITIALIZED_AUTOS = YES_AGGRESSIVE;
				GCC_WARN_UNUSED_FUNCTION = YES;
				GCC_WARN_UNUSED_VARIABLE = YES;
				IPHONEOS_DEPLOYMENT_TARGET = 12.1;
				MTL_ENABLE_DEBUG_INFO = NO;
				MTL_FAST_MATH = YES;
				SDKROOT = iphoneos;
				SWIFT_COMPILATION_MODE = wholemodule;
				SWIFT_OPTIMIZATION_LEVEL = "-O";
				VALIDATE_PRODUCT = YES;
			};
			name = Release;
		};
		A2E7F725220C773000D047BE /* Debug */ = {
			isa = XCBuildConfiguration;
			buildSettings = {
				ASSETCATALOG_COMPILER_APPICON_NAME = AppIcon;
				CODE_SIGN_STYLE = Automatic;
				DEVELOPMENT_TEAM = 8W8M6CAUQE;
				INFOPLIST_FILE = KDWeddingGift/Info.plist;
				IPHONEOS_DEPLOYMENT_TARGET = 9.0;
				LD_RUNPATH_SEARCH_PATHS = (
					"$(inherited)",
					"@executable_path/Frameworks",
				);
				PRODUCT_BUNDLE_IDENTIFIER = KoingDev.KDWeddingGift;
				PRODUCT_NAME = "$(TARGET_NAME)";
				SWIFT_VERSION = 4.2;
				TARGETED_DEVICE_FAMILY = "1,2";
			};
			name = Debug;
		};
		A2E7F726220C773000D047BE /* Release */ = {
			isa = XCBuildConfiguration;
			buildSettings = {
				ASSETCATALOG_COMPILER_APPICON_NAME = AppIcon;
				CODE_SIGN_STYLE = Automatic;
				DEVELOPMENT_TEAM = 8W8M6CAUQE;
				INFOPLIST_FILE = KDWeddingGift/Info.plist;
				IPHONEOS_DEPLOYMENT_TARGET = 9.0;
				LD_RUNPATH_SEARCH_PATHS = (
					"$(inherited)",
					"@executable_path/Frameworks",
				);
				PRODUCT_BUNDLE_IDENTIFIER = KoingDev.KDWeddingGift;
				PRODUCT_NAME = "$(TARGET_NAME)";
				SWIFT_VERSION = 4.2;
				TARGETED_DEVICE_FAMILY = "1,2";
			};
			name = Release;
		};
/* End XCBuildConfiguration section */

/* Begin XCConfigurationList section */
		A2E7F70D220C772F00D047BE /* Build configuration list for PBXProject "KDWeddingGift" */ = {
			isa = XCConfigurationList;
			buildConfigurations = (
				A2E7F722220C773000D047BE /* Debug */,
				A2E7F723220C773000D047BE /* Release */,
			);
			defaultConfigurationIsVisible = 0;
			defaultConfigurationName = Release;
		};
		A2E7F724220C773000D047BE /* Build configuration list for PBXNativeTarget "KDWeddingGift" */ = {
			isa = XCConfigurationList;
			buildConfigurations = (
				A2E7F725220C773000D047BE /* Debug */,
				A2E7F726220C773000D047BE /* Release */,
			);
			defaultConfigurationIsVisible = 0;
			defaultConfigurationName = Release;
		};
/* End XCConfigurationList section */
	};
	rootObject = A2E7F70A220C772F00D047BE /* Project object */;
}
